// !$*UTF8*$!
{
	archiveVersion = 1;
	classes = {
	};
	objectVersion = 46;
	objects = {

/* Begin PBXBuildFile section */
		1831E93E1CBF90C000B47536 /* 2.png in Resources */ = {isa = PBXBuildFile; fileRef = 1831E93D1CBF90C000B47536 /* 2.png */; };
		186FA1FB1CBA2B89009EA660 /* main.m in Sources */ = {isa = PBXBuildFile; fileRef = 186FA1FA1CBA2B89009EA660 /* main.m */; };
		186FA1FE1CBA2B89009EA660 /* AppDelegate.m in Sources */ = {isa = PBXBuildFile; fileRef = 186FA1FD1CBA2B89009EA660 /* AppDelegate.m */; };
		186FA2011CBA2B89009EA660 /* ViewController.m in Sources */ = {isa = PBXBuildFile; fileRef = 186FA2001CBA2B89009EA660 /* ViewController.m */; };
		186FA2041CBA2B89009EA660 /* Main.storyboard in Resources */ = {isa = PBXBuildFile; fileRef = 186FA2021CBA2B89009EA660 /* Main.storyboard */; };
		186FA2061CBA2B89009EA660 /* Assets.xcassets in Resources */ = {isa = PBXBuildFile; fileRef = 186FA2051CBA2B89009EA660 /* Assets.xcassets */; };
		186FA2091CBA2B89009EA660 /* LaunchScreen.storyboard in Resources */ = {isa = PBXBuildFile; fileRef = 186FA2071CBA2B89009EA660 /* LaunchScreen.storyboard */; };
		188D6DBB1CBF6CBD00F1D59B /* 1.png in Resources */ = {isa = PBXBuildFile; fileRef = 188D6DBA1CBF6CBD00F1D59B /* 1.png */; };
		18B09F8E1CC521E30068BBF5 /* GKVideoChunkCellModel.m in Sources */ = {isa = PBXBuildFile; fileRef = 18B09F731CC521E30068BBF5 /* GKVideoChunkCellModel.m */; };
		18B09F8F1CC521E30068BBF5 /* GKVideoEditHorizontalViewModel.m in Sources */ = {isa = PBXBuildFile; fileRef = 18B09F751CC521E30068BBF5 /* GKVideoEditHorizontalViewModel.m */; };
		18B09F901CC521E30068BBF5 /* GKVideoAddChunkCell.m in Sources */ = {isa = PBXBuildFile; fileRef = 18B09F791CC521E30068BBF5 /* GKVideoAddChunkCell.m */; };
		18B09F911CC521E30068BBF5 /* GKVideoBlankCell.m in Sources */ = {isa = PBXBuildFile; fileRef = 18B09F7B1CC521E30068BBF5 /* GKVideoBlankCell.m */; };
		18B09F921CC521E30068BBF5 /* GKVideoChunkCell.m in Sources */ = {isa = PBXBuildFile; fileRef = 18B09F7D1CC521E30068BBF5 /* GKVideoChunkCell.m */; };
		18B09F931CC521E30068BBF5 /* GKVideoFenceCell.m in Sources */ = {isa = PBXBuildFile; fileRef = 18B09F7F1CC521E30068BBF5 /* GKVideoFenceCell.m */; };
		18B09F941CC521E30068BBF5 /* GKVideoTailerCell.m in Sources */ = {isa = PBXBuildFile; fileRef = 18B09F811CC521E30068BBF5 /* GKVideoTailerCell.m */; };
		18B09F951CC521E30068BBF5 /* GKVideoTimeCell.m in Sources */ = {isa = PBXBuildFile; fileRef = 18B09F831CC521E30068BBF5 /* GKVideoTimeCell.m */; };
		18B09F961CC521E30068BBF5 /* GKVideoHorizontalScrollView.m in Sources */ = {isa = PBXBuildFile; fileRef = 18B09F861CC521E30068BBF5 /* GKVideoHorizontalScrollView.m */; };
		18B09F971CC521E30068BBF5 /* GKHorizontalCell.m in Sources */ = {isa = PBXBuildFile; fileRef = 18B09F891CC521E30068BBF5 /* GKHorizontalCell.m */; };
		18B09F981CC521E30068BBF5 /* GKHorizontalScrollView.m in Sources */ = {isa = PBXBuildFile; fileRef = 18B09F8B1CC521E30068BBF5 /* GKHorizontalScrollView.m */; };
		18B09F991CC521E30068BBF5 /* GKVideoEditHorizontalView.m in Sources */ = {isa = PBXBuildFile; fileRef = 18B09F8D1CC521E30068BBF5 /* GKVideoEditHorizontalView.m */; };
		18B09F9F1CC533710068BBF5 /* GKVideoCurrentFrameView.m in Sources */ = {isa = PBXBuildFile; fileRef = 18B09F9E1CC533710068BBF5 /* GKVideoCurrentFrameView.m */; };
		18B09FA11CC5382B0068BBF5 /* icon_视频帧箭头@2x.png in Resources */ = {isa = PBXBuildFile; fileRef = 18B09FA01CC5382B0068BBF5 /* icon_视频帧箭头@2x.png */; };
/* End PBXBuildFile section */

/* Begin PBXFileReference section */
		1831E93D1CBF90C000B47536 /* 2.png */ = {isa = PBXFileReference; lastKnownFileType = image.png; path = 2.png; sourceTree = "<group>"; };
		186FA1F61CBA2B89009EA660 /* GolukVideoEditor.app */ = {isa = PBXFileReference; explicitFileType = wrapper.application; includeInIndex = 0; path = GolukVideoEditor.app; sourceTree = BUILT_PRODUCTS_DIR; };
		186FA1FA1CBA2B89009EA660 /* main.m */ = {isa = PBXFileReference; lastKnownFileType = sourcecode.c.objc; path = main.m; sourceTree = "<group>"; };
		186FA1FC1CBA2B89009EA660 /* AppDelegate.h */ = {isa = PBXFileReference; lastKnownFileType = sourcecode.c.h; path = AppDelegate.h; sourceTree = "<group>"; };
		186FA1FD1CBA2B89009EA660 /* AppDelegate.m */ = {isa = PBXFileReference; lastKnownFileType = sourcecode.c.objc; path = AppDelegate.m; sourceTree = "<group>"; };
		186FA1FF1CBA2B89009EA660 /* ViewController.h */ = {isa = PBXFileReference; lastKnownFileType = sourcecode.c.h; path = ViewController.h; sourceTree = "<group>"; };
		186FA2001CBA2B89009EA660 /* ViewController.m */ = {isa = PBXFileReference; lastKnownFileType = sourcecode.c.objc; path = ViewController.m; sourceTree = "<group>"; };
		186FA2031CBA2B89009EA660 /* Base */ = {isa = PBXFileReference; lastKnownFileType = file.storyboard; name = Base; path = Base.lproj/Main.storyboard; sourceTree = "<group>"; };
		186FA2051CBA2B89009EA660 /* Assets.xcassets */ = {isa = PBXFileReference; lastKnownFileType = folder.assetcatalog; path = Assets.xcassets; sourceTree = "<group>"; };
		186FA2081CBA2B89009EA660 /* Base */ = {isa = PBXFileReference; lastKnownFileType = file.storyboard; name = Base; path = Base.lproj/LaunchScreen.storyboard; sourceTree = "<group>"; };
		186FA20A1CBA2B89009EA660 /* Info.plist */ = {isa = PBXFileReference; lastKnownFileType = text.plist.xml; path = Info.plist; sourceTree = "<group>"; };
		188D6DBA1CBF6CBD00F1D59B /* 1.png */ = {isa = PBXFileReference; lastKnownFileType = image.png; path = 1.png; sourceTree = "<group>"; };
		18B09F721CC521E30068BBF5 /* GKVideoChunkCellModel.h */ = {isa = PBXFileReference; fileEncoding = 4; lastKnownFileType = sourcecode.c.h; path = GKVideoChunkCellModel.h; sourceTree = "<group>"; };
		18B09F731CC521E30068BBF5 /* GKVideoChunkCellModel.m */ = {isa = PBXFileReference; fileEncoding = 4; lastKnownFileType = sourcecode.c.objc; path = GKVideoChunkCellModel.m; sourceTree = "<group>"; };
		18B09F741CC521E30068BBF5 /* GKVideoEditHorizontalViewModel.h */ = {isa = PBXFileReference; fileEncoding = 4; lastKnownFileType = sourcecode.c.h; path = GKVideoEditHorizontalViewModel.h; sourceTree = "<group>"; };
		18B09F751CC521E30068BBF5 /* GKVideoEditHorizontalViewModel.m */ = {isa = PBXFileReference; fileEncoding = 4; lastKnownFileType = sourcecode.c.objc; path = GKVideoEditHorizontalViewModel.m; sourceTree = "<group>"; };
		18B09F781CC521E30068BBF5 /* GKVideoAddChunkCell.h */ = {isa = PBXFileReference; fileEncoding = 4; lastKnownFileType = sourcecode.c.h; path = GKVideoAddChunkCell.h; sourceTree = "<group>"; };
		18B09F791CC521E30068BBF5 /* GKVideoAddChunkCell.m */ = {isa = PBXFileReference; fileEncoding = 4; lastKnownFileType = sourcecode.c.objc; path = GKVideoAddChunkCell.m; sourceTree = "<group>"; };
		18B09F7A1CC521E30068BBF5 /* GKVideoBlankCell.h */ = {isa = PBXFileReference; fileEncoding = 4; lastKnownFileType = sourcecode.c.h; path = GKVideoBlankCell.h; sourceTree = "<group>"; };
		18B09F7B1CC521E30068BBF5 /* GKVideoBlankCell.m */ = {isa = PBXFileReference; fileEncoding = 4; lastKnownFileType = sourcecode.c.objc; path = GKVideoBlankCell.m; sourceTree = "<group>"; };
		18B09F7C1CC521E30068BBF5 /* GKVideoChunkCell.h */ = {isa = PBXFileReference; fileEncoding = 4; lastKnownFileType = sourcecode.c.h; path = GKVideoChunkCell.h; sourceTree = "<group>"; };
		18B09F7D1CC521E30068BBF5 /* GKVideoChunkCell.m */ = {isa = PBXFileReference; fileEncoding = 4; lastKnownFileType = sourcecode.c.objc; path = GKVideoChunkCell.m; sourceTree = "<group>"; };
		18B09F7E1CC521E30068BBF5 /* GKVideoFenceCell.h */ = {isa = PBXFileReference; fileEncoding = 4; lastKnownFileType = sourcecode.c.h; path = GKVideoFenceCell.h; sourceTree = "<group>"; };
		18B09F7F1CC521E30068BBF5 /* GKVideoFenceCell.m */ = {isa = PBXFileReference; fileEncoding = 4; lastKnownFileType = sourcecode.c.objc; path = GKVideoFenceCell.m; sourceTree = "<group>"; };
		18B09F801CC521E30068BBF5 /* GKVideoTailerCell.h */ = {isa = PBXFileReference; fileEncoding = 4; lastKnownFileType = sourcecode.c.h; path = GKVideoTailerCell.h; sourceTree = "<group>"; };
		18B09F811CC521E30068BBF5 /* GKVideoTailerCell.m */ = {isa = PBXFileReference; fileEncoding = 4; lastKnownFileType = sourcecode.c.objc; path = GKVideoTailerCell.m; sourceTree = "<group>"; };
		18B09F821CC521E30068BBF5 /* GKVideoTimeCell.h */ = {isa = PBXFileReference; fileEncoding = 4; lastKnownFileType = sourcecode.c.h; path = GKVideoTimeCell.h; sourceTree = "<group>"; };
		18B09F831CC521E30068BBF5 /* GKVideoTimeCell.m */ = {isa = PBXFileReference; fileEncoding = 4; lastKnownFileType = sourcecode.c.objc; path = GKVideoTimeCell.m; sourceTree = "<group>"; };
		18B09F851CC521E30068BBF5 /* GKVideoHorizontalScrollView.h */ = {isa = PBXFileReference; fileEncoding = 4; lastKnownFileType = sourcecode.c.h; path = GKVideoHorizontalScrollView.h; sourceTree = "<group>"; };
		18B09F861CC521E30068BBF5 /* GKVideoHorizontalScrollView.m */ = {isa = PBXFileReference; fileEncoding = 4; lastKnownFileType = sourcecode.c.objc; path = GKVideoHorizontalScrollView.m; sourceTree = "<group>"; };
		18B09F881CC521E30068BBF5 /* GKHorizontalCell.h */ = {isa = PBXFileReference; fileEncoding = 4; lastKnownFileType = sourcecode.c.h; path = GKHorizontalCell.h; sourceTree = "<group>"; };
		18B09F891CC521E30068BBF5 /* GKHorizontalCell.m */ = {isa = PBXFileReference; fileEncoding = 4; lastKnownFileType = sourcecode.c.objc; path = GKHorizontalCell.m; sourceTree = "<group>"; };
		18B09F8A1CC521E30068BBF5 /* GKHorizontalScrollView.h */ = {isa = PBXFileReference; fileEncoding = 4; lastKnownFileType = sourcecode.c.h; path = GKHorizontalScrollView.h; sourceTree = "<group>"; };
		18B09F8B1CC521E30068BBF5 /* GKHorizontalScrollView.m */ = {isa = PBXFileReference; fileEncoding = 4; lastKnownFileType = sourcecode.c.objc; path = GKHorizontalScrollView.m; sourceTree = "<group>"; };
		18B09F8C1CC521E30068BBF5 /* GKVideoEditHorizontalView.h */ = {isa = PBXFileReference; fileEncoding = 4; lastKnownFileType = sourcecode.c.h; path = GKVideoEditHorizontalView.h; sourceTree = "<group>"; };
		18B09F8D1CC521E30068BBF5 /* GKVideoEditHorizontalView.m */ = {isa = PBXFileReference; fileEncoding = 4; lastKnownFileType = sourcecode.c.objc; path = GKVideoEditHorizontalView.m; sourceTree = "<group>"; };
		18B09F9D1CC533710068BBF5 /* GKVideoCurrentFrameView.h */ = {isa = PBXFileReference; fileEncoding = 4; lastKnownFileType = sourcecode.c.h; path = GKVideoCurrentFrameView.h; sourceTree = "<group>"; };
		18B09F9E1CC533710068BBF5 /* GKVideoCurrentFrameView.m */ = {isa = PBXFileReference; fileEncoding = 4; lastKnownFileType = sourcecode.c.objc; path = GKVideoCurrentFrameView.m; sourceTree = "<group>"; };
		18B09FA01CC5382B0068BBF5 /* icon_视频帧箭头@2x.png */ = {isa = PBXFileReference; lastKnownFileType = image.png; path = "icon_视频帧箭头@2x.png"; sourceTree = "<group>"; };
/* End PBXFileReference section */

/* Begin PBXFrameworksBuildPhase section */
		186FA1F31CBA2B89009EA660 /* Frameworks */ = {
			isa = PBXFrameworksBuildPhase;
			buildActionMask = 2147483647;
			files = (
			);
			runOnlyForDeploymentPostprocessing = 0;
		};
/* End PBXFrameworksBuildPhase section */

/* Begin PBXGroup section */
		186FA1ED1CBA2B89009EA660 = {
			isa = PBXGroup;
			children = (
				186FA1F81CBA2B89009EA660 /* GolukVideoEditor */,
				186FA1F71CBA2B89009EA660 /* Products */,
			);
			sourceTree = "<group>";
		};
		186FA1F71CBA2B89009EA660 /* Products */ = {
			isa = PBXGroup;
			children = (
				186FA1F61CBA2B89009EA660 /* GolukVideoEditor.app */,
			);
			name = Products;
			sourceTree = "<group>";
		};
		186FA1F81CBA2B89009EA660 /* GolukVideoEditor */ = {
			isa = PBXGroup;
			children = (
				18B09F6F1CC521E30068BBF5 /* VideoEditHorizontalView */,
				186FA1FC1CBA2B89009EA660 /* AppDelegate.h */,
				186FA1FD1CBA2B89009EA660 /* AppDelegate.m */,
				186FA1FF1CBA2B89009EA660 /* ViewController.h */,
				186FA2001CBA2B89009EA660 /* ViewController.m */,
				186FA2021CBA2B89009EA660 /* Main.storyboard */,
				186FA2051CBA2B89009EA660 /* Assets.xcassets */,
				186FA2071CBA2B89009EA660 /* LaunchScreen.storyboard */,
				186FA20A1CBA2B89009EA660 /* Info.plist */,
				18B09FA01CC5382B0068BBF5 /* icon_视频帧箭头@2x.png */,
				1831E93D1CBF90C000B47536 /* 2.png */,
				188D6DBA1CBF6CBD00F1D59B /* 1.png */,
				186FA1F91CBA2B89009EA660 /* Supporting Files */,
			);
			path = GolukVideoEditor;
			sourceTree = "<group>";
		};
		186FA1F91CBA2B89009EA660 /* Supporting Files */ = {
			isa = PBXGroup;
			children = (
				186FA1FA1CBA2B89009EA660 /* main.m */,
			);
			name = "Supporting Files";
			sourceTree = "<group>";
		};
		18B09F6F1CC521E30068BBF5 /* VideoEditHorizontalView */ = {
			isa = PBXGroup;
			children = (
				18B09F701CC521E30068BBF5 /* Business */,
				18B09F871CC521E30068BBF5 /* Foundation */,
				18B09F8C1CC521E30068BBF5 /* GKVideoEditHorizontalView.h */,
				18B09F8D1CC521E30068BBF5 /* GKVideoEditHorizontalView.m */,
			);
			path = VideoEditHorizontalView;
			sourceTree = "<group>";
		};
		18B09F701CC521E30068BBF5 /* Business */ = {
			isa = PBXGroup;
			children = (
				18B09F711CC521E30068BBF5 /* ViewModels */,
				18B09F761CC521E30068BBF5 /* Views */,
			);
			path = Business;
			sourceTree = "<group>";
		};
		18B09F711CC521E30068BBF5 /* ViewModels */ = {
			isa = PBXGroup;
			children = (
				18B09F721CC521E30068BBF5 /* GKVideoChunkCellModel.h */,
				18B09F731CC521E30068BBF5 /* GKVideoChunkCellModel.m */,
				18B09F741CC521E30068BBF5 /* GKVideoEditHorizontalViewModel.h */,
				18B09F751CC521E30068BBF5 /* GKVideoEditHorizontalViewModel.m */,
			);
			path = ViewModels;
			sourceTree = "<group>";
		};
		18B09F761CC521E30068BBF5 /* Views */ = {
			isa = PBXGroup;
			children = (
				18B09F771CC521E30068BBF5 /* Cells */,
				18B09F841CC521E30068BBF5 /* HorizontalScrollView */,
			);
			path = Views;
			sourceTree = "<group>";
		};
		18B09F771CC521E30068BBF5 /* Cells */ = {
			isa = PBXGroup;
			children = (
				18B09F781CC521E30068BBF5 /* GKVideoAddChunkCell.h */,
				18B09F791CC521E30068BBF5 /* GKVideoAddChunkCell.m */,
				18B09F7A1CC521E30068BBF5 /* GKVideoBlankCell.h */,
				18B09F7B1CC521E30068BBF5 /* GKVideoBlankCell.m */,
				18B09F7C1CC521E30068BBF5 /* GKVideoChunkCell.h */,
				18B09F7D1CC521E30068BBF5 /* GKVideoChunkCell.m */,
				18B09F7E1CC521E30068BBF5 /* GKVideoFenceCell.h */,
				18B09F7F1CC521E30068BBF5 /* GKVideoFenceCell.m */,
				18B09F801CC521E30068BBF5 /* GKVideoTailerCell.h */,
				18B09F811CC521E30068BBF5 /* GKVideoTailerCell.m */,
				18B09F821CC521E30068BBF5 /* GKVideoTimeCell.h */,
				18B09F831CC521E30068BBF5 /* GKVideoTimeCell.m */,
			);
			path = Cells;
			sourceTree = "<group>";
		};
		18B09F841CC521E30068BBF5 /* HorizontalScrollView */ = {
			isa = PBXGroup;
			children = (
				18B09F9D1CC533710068BBF5 /* GKVideoCurrentFrameView.h */,
				18B09F9E1CC533710068BBF5 /* GKVideoCurrentFrameView.m */,
				18B09F851CC521E30068BBF5 /* GKVideoHorizontalScrollView.h */,
				18B09F861CC521E30068BBF5 /* GKVideoHorizontalScrollView.m */,
			);
			path = HorizontalScrollView;
			sourceTree = "<group>";
		};
		18B09F871CC521E30068BBF5 /* Foundation */ = {
			isa = PBXGroup;
			children = (
				18B09F881CC521E30068BBF5 /* GKHorizontalCell.h */,
				18B09F891CC521E30068BBF5 /* GKHorizontalCell.m */,
				18B09F8A1CC521E30068BBF5 /* GKHorizontalScrollView.h */,
				18B09F8B1CC521E30068BBF5 /* GKHorizontalScrollView.m */,
			);
			path = Foundation;
			sourceTree = "<group>";
		};
/* End PBXGroup section */

/* Begin PBXNativeTarget section */
		186FA1F51CBA2B89009EA660 /* GolukVideoEditor */ = {
			isa = PBXNativeTarget;
			buildConfigurationList = 186FA20D1CBA2B89009EA660 /* Build configuration list for PBXNativeTarget "GolukVideoEditor" */;
			buildPhases = (
				186FA1F21CBA2B89009EA660 /* Sources */,
				186FA1F31CBA2B89009EA660 /* Frameworks */,
				186FA1F41CBA2B89009EA660 /* Resources */,
			);
			buildRules = (
			);
			dependencies = (
			);
			name = GolukVideoEditor;
			productName = GolukVideoEditor;
			productReference = 186FA1F61CBA2B89009EA660 /* GolukVideoEditor.app */;
			productType = "com.apple.product-type.application";
		};
/* End PBXNativeTarget section */

/* Begin PBXProject section */
		186FA1EE1CBA2B89009EA660 /* Project object */ = {
			isa = PBXProject;
			attributes = {
				LastUpgradeCheck = 0720;
				ORGANIZATIONNAME = SCU;
				TargetAttributes = {
					186FA1F51CBA2B89009EA660 = {
						CreatedOnToolsVersion = 7.2.1;
					};
				};
			};
			buildConfigurationList = 186FA1F11CBA2B89009EA660 /* Build configuration list for PBXProject "GolukVideoEditor" */;
			compatibilityVersion = "Xcode 3.2";
			developmentRegion = English;
			hasScannedForEncodings = 0;
			knownRegions = (
				en,
				Base,
			);
			mainGroup = 186FA1ED1CBA2B89009EA660;
			productRefGroup = 186FA1F71CBA2B89009EA660 /* Products */;
			projectDirPath = "";
			projectRoot = "";
			targets = (
				186FA1F51CBA2B89009EA660 /* GolukVideoEditor */,
			);
		};
/* End PBXProject section */

/* Begin PBXResourcesBuildPhase section */
		186FA1F41CBA2B89009EA660 /* Resources */ = {
			isa = PBXResourcesBuildPhase;
			buildActionMask = 2147483647;
			files = (
				186FA2091CBA2B89009EA660 /* LaunchScreen.storyboard in Resources */,
				18B09FA11CC5382B0068BBF5 /* icon_视频帧箭头@2x.png in Resources */,
				188D6DBB1CBF6CBD00F1D59B /* 1.png in Resources */,
				1831E93E1CBF90C000B47536 /* 2.png in Resources */,
				186FA2061CBA2B89009EA660 /* Assets.xcassets in Resources */,
				186FA2041CBA2B89009EA660 /* Main.storyboard in Resources */,
			);
			runOnlyForDeploymentPostprocessing = 0;
		};
/* End PBXResourcesBuildPhase section */

/* Begin PBXSourcesBuildPhase section */
		186FA1F21CBA2B89009EA660 /* Sources */ = {
			isa = PBXSourcesBuildPhase;
			buildActionMask = 2147483647;
			files = (
				18B09F931CC521E30068BBF5 /* GKVideoFenceCell.m in Sources */,
				18B09F971CC521E30068BBF5 /* GKHorizontalCell.m in Sources */,
				18B09F961CC521E30068BBF5 /* GKVideoHorizontalScrollView.m in Sources */,
				186FA2011CBA2B89009EA660 /* ViewController.m in Sources */,
				18B09F901CC521E30068BBF5 /* GKVideoAddChunkCell.m in Sources */,
				18B09F8F1CC521E30068BBF5 /* GKVideoEditHorizontalViewModel.m in Sources */,
				18B09F9F1CC533710068BBF5 /* GKVideoCurrentFrameView.m in Sources */,
				18B09F941CC521E30068BBF5 /* GKVideoTailerCell.m in Sources */,
				18B09F911CC521E30068BBF5 /* GKVideoBlankCell.m in Sources */,
				18B09F8E1CC521E30068BBF5 /* GKVideoChunkCellModel.m in Sources */,
				18B09F981CC521E30068BBF5 /* GKHorizontalScrollView.m in Sources */,
				186FA1FE1CBA2B89009EA660 /* AppDelegate.m in Sources */,
				18B09F991CC521E30068BBF5 /* GKVideoEditHorizontalView.m in Sources */,
				18B09F951CC521E30068BBF5 /* GKVideoTimeCell.m in Sources */,
				186FA1FB1CBA2B89009EA660 /* main.m in Sources */,
				18B09F921CC521E30068BBF5 /* GKVideoChunkCell.m in Sources */,
			);
			runOnlyForDeploymentPostprocessing = 0;
		};
/* End PBXSourcesBuildPhase section */

/* Begin PBXVariantGroup section */
		186FA2021CBA2B89009EA660 /* Main.storyboard */ = {
			isa = PBXVariantGroup;
			children = (
				186FA2031CBA2B89009EA660 /* Base */,
			);
			name = Main.storyboard;
			sourceTree = "<group>";
		};
		186FA2071CBA2B89009EA660 /* LaunchScreen.storyboard */ = {
			isa = PBXVariantGroup;
			children = (
				186FA2081CBA2B89009EA660 /* Base */,
			);
			name = LaunchScreen.storyboard;
			sourceTree = "<group>";
		};
/* End PBXVariantGroup section */

/* Begin XCBuildConfiguration section */
		186FA20B1CBA2B89009EA660 /* Debug */ = {
			isa = XCBuildConfiguration;
			buildSettings = {
				ALWAYS_SEARCH_USER_PATHS = NO;
				CLANG_CXX_LANGUAGE_STANDARD = "gnu++0x";
				CLANG_CXX_LIBRARY = "libc++";
				CLANG_ENABLE_MODULES = YES;
				CLANG_ENABLE_OBJC_ARC = YES;
				CLANG_WARN_BOOL_CONVERSION = YES;
				CLANG_WARN_CONSTANT_CONVERSION = YES;
				CLANG_WARN_DIRECT_OBJC_ISA_USAGE = YES_ERROR;
				CLANG_WARN_EMPTY_BODY = YES;
				CLANG_WARN_ENUM_CONVERSION = YES;
				CLANG_WARN_INT_CONVERSION = YES;
				CLANG_WARN_OBJC_ROOT_CLASS = YES_ERROR;
				CLANG_WARN_UNREACHABLE_CODE = YES;
				CLANG_WARN__DUPLICATE_METHOD_MATCH = YES;
				"CODE_SIGN_IDENTITY[sdk=iphoneos*]" = "iPhone Developer";
				COPY_PHASE_STRIP = NO;
				DEBUG_INFORMATION_FORMAT = dwarf;
				ENABLE_STRICT_OBJC_MSGSEND = YES;
				ENABLE_TESTABILITY = YES;
				GCC_C_LANGUAGE_STANDARD = gnu99;
				GCC_DYNAMIC_NO_PIC = NO;
				GCC_NO_COMMON_BLOCKS = YES;
				GCC_OPTIMIZATION_LEVEL = 0;
				GCC_PREPROCESSOR_DEFINITIONS = (
					"DEBUG=1",
					"$(inherited)",
				);
				GCC_WARN_64_TO_32_BIT_CONVERSION = YES;
				GCC_WARN_ABOUT_RETURN_TYPE = YES_ERROR;
				GCC_WARN_UNDECLARED_SELECTOR = YES;
				GCC_WARN_UNINITIALIZED_AUTOS = YES_AGGRESSIVE;
				GCC_WARN_UNUSED_FUNCTION = YES;
				GCC_WARN_UNUSED_VARIABLE = YES;
				IPHONEOS_DEPLOYMENT_TARGET = 9.2;
				MTL_ENABLE_DEBUG_INFO = YES;
				ONLY_ACTIVE_ARCH = YES;
				SDKROOT = iphoneos;
				TARGETED_DEVICE_FAMILY = "1,2";
			};
			name = Debug;
		};
		186FA20C1CBA2B89009EA660 /* Release */ = {
			isa = XCBuildConfiguration;
			buildSettings = {
				ALWAYS_SEARCH_USER_PATHS = NO;
				CLANG_CXX_LANGUAGE_STANDARD = "gnu++0x";
				CLANG_CXX_LIBRARY = "libc++";
				CLANG_ENABLE_MODULES = YES;
				CLANG_ENABLE_OBJC_ARC = YES;
				CLANG_WARN_BOOL_CONVERSION = YES;
				CLANG_WARN_CONSTANT_CONVERSION = YES;
				CLANG_WARN_DIRECT_OBJC_ISA_USAGE = YES_ERROR;
				CLANG_WARN_EMPTY_BODY = YES;
				CLANG_WARN_ENUM_CONVERSION = YES;
				CLANG_WARN_INT_CONVERSION = YES;
				CLANG_WARN_OBJC_ROOT_CLASS = YES_ERROR;
				CLANG_WARN_UNREACHABLE_CODE = YES;
				CLANG_WARN__DUPLICATE_METHOD_MATCH = YES;
				"CODE_SIGN_IDENTITY[sdk=iphoneos*]" = "iPhone Developer";
				COPY_PHASE_STRIP = NO;
				DEBUG_INFORMATION_FORMAT = "dwarf-with-dsym";
				ENABLE_NS_ASSERTIONS = NO;
				ENABLE_STRICT_OBJC_MSGSEND = YES;
				GCC_C_LANGUAGE_STANDARD = gnu99;
				GCC_NO_COMMON_BLOCKS = YES;
				GCC_WARN_64_TO_32_BIT_CONVERSION = YES;
				GCC_WARN_ABOUT_RETURN_TYPE = YES_ERROR;
				GCC_WARN_UNDECLARED_SELECTOR = YES;
				GCC_WARN_UNINITIALIZED_AUTOS = YES_AGGRESSIVE;
				GCC_WARN_UNUSED_FUNCTION = YES;
				GCC_WARN_UNUSED_VARIABLE = YES;
				IPHONEOS_DEPLOYMENT_TARGET = 9.2;
				MTL_ENABLE_DEBUG_INFO = NO;
				SDKROOT = iphoneos;
				TARGETED_DEVICE_FAMILY = "1,2";
				VALIDATE_PRODUCT = YES;
			};
			name = Release;
		};
		186FA20E1CBA2B89009EA660 /* Debug */ = {
			isa = XCBuildConfiguration;
			buildSettings = {
				ASSETCATALOG_COMPILER_APPICON_NAME = AppIcon;
				INFOPLIST_FILE = GolukVideoEditor/Info.plist;
				IPHONEOS_DEPLOYMENT_TARGET = 7.0;
				LD_RUNPATH_SEARCH_PATHS = "$(inherited) @executable_path/Frameworks";
				PRODUCT_BUNDLE_IDENTIFIER = com.scu.GolukVideoEditor;
				PRODUCT_NAME = "$(TARGET_NAME)";
			};
			name = Debug;
		};
		186FA20F1CBA2B89009EA660 /* Release */ = {
			isa = XCBuildConfiguration;
			buildSettings = {
				ASSETCATALOG_COMPILER_APPICON_NAME = AppIcon;
				INFOPLIST_FILE = GolukVideoEditor/Info.plist;
				IPHONEOS_DEPLOYMENT_TARGET = 7.0;
				LD_RUNPATH_SEARCH_PATHS = "$(inherited) @executable_path/Frameworks";
				PRODUCT_BUNDLE_IDENTIFIER = com.scu.GolukVideoEditor;
				PRODUCT_NAME = "$(TARGET_NAME)";
			};
			name = Release;
		};
/* End XCBuildConfiguration section */

/* Begin XCConfigurationList section */
		186FA1F11CBA2B89009EA660 /* Build configuration list for PBXProject "GolukVideoEditor" */ = {
			isa = XCConfigurationList;
			buildConfigurations = (
				186FA20B1CBA2B89009EA660 /* Debug */,
				186FA20C1CBA2B89009EA660 /* Release */,
			);
			defaultConfigurationIsVisible = 0;
			defaultConfigurationName = Release;
		};
		186FA20D1CBA2B89009EA660 /* Build configuration list for PBXNativeTarget "GolukVideoEditor" */ = {
			isa = XCConfigurationList;
			buildConfigurations = (
				186FA20E1CBA2B89009EA660 /* Debug */,
				186FA20F1CBA2B89009EA660 /* Release */,
			);
			defaultConfigurationIsVisible = 0;
			defaultConfigurationName = Release;
		};
/* End XCConfigurationList section */
	};
	rootObject = 186FA1EE1CBA2B89009EA660 /* Project object */;
}
